// !$*UTF8*$!
{
	archiveVersion = 1;
	classes = {
	};
	objectVersion = 50;
	objects = {

/* Begin PBXBuildFile section */
		B23D268E2272EDFA00CC1CCB /* Toast.swift in Sources */ = {isa = PBXBuildFile; fileRef = B23D268D2272EDFA00CC1CCB /* Toast.swift */; };
		B260F1F5224DE99D00CDCDBA /* AppDelegate.swift in Sources */ = {isa = PBXBuildFile; fileRef = B260F1F4224DE99D00CDCDBA /* AppDelegate.swift */; };
		B260F1F7224DE99D00CDCDBA /* startupVC.swift in Sources */ = {isa = PBXBuildFile; fileRef = B260F1F6224DE99D00CDCDBA /* startupVC.swift */; };
		B260F1FA224DE99D00CDCDBA /* Main.storyboard in Resources */ = {isa = PBXBuildFile; fileRef = B260F1F8224DE99D00CDCDBA /* Main.storyboard */; };
		B260F1FC224DE99F00CDCDBA /* Assets.xcassets in Resources */ = {isa = PBXBuildFile; fileRef = B260F1FB224DE99F00CDCDBA /* Assets.xcassets */; };
		B260F1FF224DE99F00CDCDBA /* LaunchScreen.storyboard in Resources */ = {isa = PBXBuildFile; fileRef = B260F1FD224DE99F00CDCDBA /* LaunchScreen.storyboard */; };
		B260F207224DE9C700CDCDBA /* GoogleService-Info.plist in Resources */ = {isa = PBXBuildFile; fileRef = B260F206224DE9C700CDCDBA /* GoogleService-Info.plist */; };
		B260F209224DF0F900CDCDBA /* PushNotificationVC.swift in Sources */ = {isa = PBXBuildFile; fileRef = B260F208224DF0F900CDCDBA /* PushNotificationVC.swift */; };
		B260F20B224DF86800CDCDBA /* Constants.swift in Sources */ = {isa = PBXBuildFile; fileRef = B260F20A224DF86800CDCDBA /* Constants.swift */; };
		D46D0B0BE782F04BD3D5B823 /* libPods-PNServiceExtension.a in Frameworks */ = {isa = PBXBuildFile; fileRef = 29C21F4F9C805432E2B8EA3D /* libPods-PNServiceExtension.a */; };
		DB013A1022EF2D5A006E18E8 /* JitsiMeet.framework in Frameworks */ = {isa = PBXBuildFile; fileRef = DB013A0822EF2C07006E18E8 /* JitsiMeet.framework */; };
		DB013A1122EF2D5A006E18E8 /* JitsiMeet.framework in Embed Frameworks */ = {isa = PBXBuildFile; fileRef = DB013A0822EF2C07006E18E8 /* JitsiMeet.framework */; settings = {ATTRIBUTES = (CodeSignOnCopy, RemoveHeadersOnCopy, ); }; };
		DB013A1222EF2D5A006E18E8 /* WebRTC.framework in Frameworks */ = {isa = PBXBuildFile; fileRef = DB013A0922EF2C07006E18E8 /* WebRTC.framework */; };
		DB013A1322EF2D5A006E18E8 /* WebRTC.framework in Embed Frameworks */ = {isa = PBXBuildFile; fileRef = DB013A0922EF2C07006E18E8 /* WebRTC.framework */; settings = {ATTRIBUTES = (CodeSignOnCopy, RemoveHeadersOnCopy, ); }; };
		DB5AAC6A22E04FB7007E7FC6 /* IncomingCall.swift in Sources */ = {isa = PBXBuildFile; fileRef = DB5AAC6922E04FB7007E7FC6 /* IncomingCall.swift */; };
		DBB7C168229FC4E100FA04E5 /* NotificationService.swift in Sources */ = {isa = PBXBuildFile; fileRef = DBB7C167229FC4E100FA04E5 /* NotificationService.swift */; };
		DBB7C16C229FC4E100FA04E5 /* PNServiceExtension.appex in Embed App Extensions */ = {isa = PBXBuildFile; fileRef = DBB7C165229FC4E100FA04E5 /* PNServiceExtension.appex */; settings = {ATTRIBUTES = (RemoveHeadersOnCopy, ); }; };
		DBB7C17222A0011F00FA04E5 /* NavigationController.swift in Sources */ = {isa = PBXBuildFile; fileRef = DBB7C17122A0011F00FA04E5 /* NavigationController.swift */; };
		DBB7C17322A00C9600FA04E5 /* NotificationService.swift in Sources */ = {isa = PBXBuildFile; fileRef = DBB7C167229FC4E100FA04E5 /* NotificationService.swift */; };
		DBBF8A3522E0BB4100248056 /* ring.wav in Resources */ = {isa = PBXBuildFile; fileRef = DBBF8A3422E0BB4100248056 /* ring.wav */; };
		DBCBF01F22A130A600CFC537 /* CometChatPro-PushNotification-SampleApp.app in Sources */ = {isa = PBXBuildFile; fileRef = B260F1F1224DE99D00CDCDBA /* CometChatPro-PushNotification-SampleApp.app */; };
		DBEB3C412346160C0006E8DD /* CometChatPro.framework in Frameworks */ = {isa = PBXBuildFile; fileRef = DBEB3C402346160C0006E8DD /* CometChatPro.framework */; };
		FA6C135EF5AF31A691044E0E /* libPods-CometChatPro-PushNotification-SampleApp.a in Frameworks */ = {isa = PBXBuildFile; fileRef = 519F43BCC356669889159A78 /* libPods-CometChatPro-PushNotification-SampleApp.a */; };
/* End PBXBuildFile section */

/* Begin PBXContainerItemProxy section */
		DBB7C16A229FC4E100FA04E5 /* PBXContainerItemProxy */ = {
			isa = PBXContainerItemProxy;
			containerPortal = B260F1E9224DE99D00CDCDBA /* Project object */;
			proxyType = 1;
			remoteGlobalIDString = DBB7C164229FC4E100FA04E5;
			remoteInfo = PNServiceExtension;
		};
/* End PBXContainerItemProxy section */

/* Begin PBXCopyFilesBuildPhase section */
		B23D26842272005F00CC1CCB /* Embed Frameworks */ = {
			isa = PBXCopyFilesBuildPhase;
			buildActionMask = 2147483647;
			dstPath = "";
			dstSubfolderSpec = 10;
			files = (
				DB013A1122EF2D5A006E18E8 /* JitsiMeet.framework in Embed Frameworks */,
				DB013A1322EF2D5A006E18E8 /* WebRTC.framework in Embed Frameworks */,
			);
			name = "Embed Frameworks";
			runOnlyForDeploymentPostprocessing = 0;
		};
		DBB7C170229FC4E100FA04E5 /* Embed App Extensions */ = {
			isa = PBXCopyFilesBuildPhase;
			buildActionMask = 2147483647;
			dstPath = "";
			dstSubfolderSpec = 13;
			files = (
				DBB7C16C229FC4E100FA04E5 /* PNServiceExtension.appex in Embed App Extensions */,
			);
			name = "Embed App Extensions";
			runOnlyForDeploymentPostprocessing = 0;
		};
/* End PBXCopyFilesBuildPhase section */

/* Begin PBXFileReference section */
		29C21F4F9C805432E2B8EA3D /* libPods-PNServiceExtension.a */ = {isa = PBXFileReference; explicitFileType = archive.ar; includeInIndex = 0; path = "libPods-PNServiceExtension.a"; sourceTree = BUILT_PRODUCTS_DIR; };
		40B932BFDEA291FB8B3F4652 /* Pods-CometChatPro-PushNotification-SampleApp.release.xcconfig */ = {isa = PBXFileReference; includeInIndex = 1; lastKnownFileType = text.xcconfig; name = "Pods-CometChatPro-PushNotification-SampleApp.release.xcconfig"; path = "Target Support Files/Pods-CometChatPro-PushNotification-SampleApp/Pods-CometChatPro-PushNotification-SampleApp.release.xcconfig"; sourceTree = "<group>"; };
		519F43BCC356669889159A78 /* libPods-CometChatPro-PushNotification-SampleApp.a */ = {isa = PBXFileReference; explicitFileType = archive.ar; includeInIndex = 0; path = "libPods-CometChatPro-PushNotification-SampleApp.a"; sourceTree = BUILT_PRODUCTS_DIR; };
		7B1F333E497C2CF185BD3783 /* Pods-CometChatPro-PushNotification-SampleApp.debug.xcconfig */ = {isa = PBXFileReference; includeInIndex = 1; lastKnownFileType = text.xcconfig; name = "Pods-CometChatPro-PushNotification-SampleApp.debug.xcconfig"; path = "Target Support Files/Pods-CometChatPro-PushNotification-SampleApp/Pods-CometChatPro-PushNotification-SampleApp.debug.xcconfig"; sourceTree = "<group>"; };
		95E8EB857E212E7E10643B85 /* Pods-PNServiceExtension.release.xcconfig */ = {isa = PBXFileReference; includeInIndex = 1; lastKnownFileType = text.xcconfig; name = "Pods-PNServiceExtension.release.xcconfig"; path = "Target Support Files/Pods-PNServiceExtension/Pods-PNServiceExtension.release.xcconfig"; sourceTree = "<group>"; };
		A165113E0B8927DF36D5648C /* Pods-PNServiceExtension.debug.xcconfig */ = {isa = PBXFileReference; includeInIndex = 1; lastKnownFileType = text.xcconfig; name = "Pods-PNServiceExtension.debug.xcconfig"; path = "Target Support Files/Pods-PNServiceExtension/Pods-PNServiceExtension.debug.xcconfig"; sourceTree = "<group>"; };
		B23D268D2272EDFA00CC1CCB /* Toast.swift */ = {isa = PBXFileReference; fileEncoding = 4; lastKnownFileType = sourcecode.swift; path = Toast.swift; sourceTree = "<group>"; };
		B260F1F1224DE99D00CDCDBA /* CometChatPro-PushNotification-SampleApp.app */ = {isa = PBXFileReference; explicitFileType = wrapper.application; includeInIndex = 0; path = "CometChatPro-PushNotification-SampleApp.app"; sourceTree = BUILT_PRODUCTS_DIR; };
		B260F1F4224DE99D00CDCDBA /* AppDelegate.swift */ = {isa = PBXFileReference; lastKnownFileType = sourcecode.swift; path = AppDelegate.swift; sourceTree = "<group>"; };
		B260F1F6224DE99D00CDCDBA /* startupVC.swift */ = {isa = PBXFileReference; lastKnownFileType = sourcecode.swift; path = startupVC.swift; sourceTree = "<group>"; };
		B260F1F9224DE99D00CDCDBA /* Base */ = {isa = PBXFileReference; lastKnownFileType = file.storyboard; name = Base; path = Base.lproj/Main.storyboard; sourceTree = "<group>"; };
		B260F1FB224DE99F00CDCDBA /* Assets.xcassets */ = {isa = PBXFileReference; lastKnownFileType = folder.assetcatalog; path = Assets.xcassets; sourceTree = "<group>"; };
		B260F1FE224DE99F00CDCDBA /* Base */ = {isa = PBXFileReference; lastKnownFileType = file.storyboard; name = Base; path = Base.lproj/LaunchScreen.storyboard; sourceTree = "<group>"; };
		B260F200224DE99F00CDCDBA /* Info.plist */ = {isa = PBXFileReference; lastKnownFileType = text.plist.xml; path = Info.plist; sourceTree = "<group>"; };
		B260F206224DE9C700CDCDBA /* GoogleService-Info.plist */ = {isa = PBXFileReference; fileEncoding = 4; lastKnownFileType = text.plist.xml; path = "GoogleService-Info.plist"; sourceTree = "<group>"; };
		B260F208224DF0F900CDCDBA /* PushNotificationVC.swift */ = {isa = PBXFileReference; lastKnownFileType = sourcecode.swift; path = PushNotificationVC.swift; sourceTree = "<group>"; };
		B260F20A224DF86800CDCDBA /* Constants.swift */ = {isa = PBXFileReference; lastKnownFileType = sourcecode.swift; path = Constants.swift; sourceTree = "<group>"; };
		B2A8EBCC224E239000E22217 /* iOS-PushNotification.entitlements */ = {isa = PBXFileReference; lastKnownFileType = text.plist.entitlements; path = "iOS-PushNotification.entitlements"; sourceTree = "<group>"; };
		DB013A0822EF2C07006E18E8 /* JitsiMeet.framework */ = {isa = PBXFileReference; lastKnownFileType = wrapper.framework; path = JitsiMeet.framework; sourceTree = "<group>"; };
		DB013A0922EF2C07006E18E8 /* WebRTC.framework */ = {isa = PBXFileReference; lastKnownFileType = wrapper.framework; path = WebRTC.framework; sourceTree = "<group>"; };
		DB5AAC6922E04FB7007E7FC6 /* IncomingCall.swift */ = {isa = PBXFileReference; lastKnownFileType = sourcecode.swift; path = IncomingCall.swift; sourceTree = "<group>"; };
		DBB7C165229FC4E100FA04E5 /* PNServiceExtension.appex */ = {isa = PBXFileReference; explicitFileType = "wrapper.app-extension"; includeInIndex = 0; path = PNServiceExtension.appex; sourceTree = BUILT_PRODUCTS_DIR; };
		DBB7C167229FC4E100FA04E5 /* NotificationService.swift */ = {isa = PBXFileReference; lastKnownFileType = sourcecode.swift; path = NotificationService.swift; sourceTree = "<group>"; };
		DBB7C169229FC4E100FA04E5 /* Info.plist */ = {isa = PBXFileReference; lastKnownFileType = text.plist.xml; path = Info.plist; sourceTree = "<group>"; };
		DBB7C17122A0011F00FA04E5 /* NavigationController.swift */ = {isa = PBXFileReference; lastKnownFileType = sourcecode.swift; path = NavigationController.swift; sourceTree = "<group>"; };
		DBBF8A3422E0BB4100248056 /* ring.wav */ = {isa = PBXFileReference; lastKnownFileType = audio.wav; path = ring.wav; sourceTree = "<group>"; };
		DBCBF01E22A1237D00CFC537 /* PNServiceExtension.entitlements */ = {isa = PBXFileReference; lastKnownFileType = text.plist.entitlements; path = PNServiceExtension.entitlements; sourceTree = "<group>"; };
		DBEB3C402346160C0006E8DD /* CometChatPro.framework */ = {isa = PBXFileReference; lastKnownFileType = wrapper.framework; path = CometChatPro.framework; sourceTree = "<group>"; };
/* End PBXFileReference section */

/* Begin PBXFrameworksBuildPhase section */
		B260F1EE224DE99D00CDCDBA /* Frameworks */ = {
			isa = PBXFrameworksBuildPhase;
			buildActionMask = 2147483647;
			files = (
				DB013A1022EF2D5A006E18E8 /* JitsiMeet.framework in Frameworks */,
				FA6C135EF5AF31A691044E0E /* libPods-CometChatPro-PushNotification-SampleApp.a in Frameworks */,
				DB013A1222EF2D5A006E18E8 /* WebRTC.framework in Frameworks */,
				DBEB3C412346160C0006E8DD /* CometChatPro.framework in Frameworks */,
			);
			runOnlyForDeploymentPostprocessing = 0;
		};
		DBB7C162229FC4E100FA04E5 /* Frameworks */ = {
			isa = PBXFrameworksBuildPhase;
			buildActionMask = 2147483647;
			files = (
				D46D0B0BE782F04BD3D5B823 /* libPods-PNServiceExtension.a in Frameworks */,
			);
			runOnlyForDeploymentPostprocessing = 0;
		};
/* End PBXFrameworksBuildPhase section */

/* Begin PBXGroup section */
		204C616D95067B0D27B84BF8 /* Frameworks */ = {
			isa = PBXGroup;
			children = (
				519F43BCC356669889159A78 /* libPods-CometChatPro-PushNotification-SampleApp.a */,
				29C21F4F9C805432E2B8EA3D /* libPods-PNServiceExtension.a */,
			);
			name = Frameworks;
			sourceTree = "<group>";
		};
		B260F1E8224DE99D00CDCDBA = {
			isa = PBXGroup;
			children = (
				B260F1F3224DE99D00CDCDBA /* iOS-PushNotification */,
				DBB7C166229FC4E100FA04E5 /* PNServiceExtension */,
				B260F1F2224DE99D00CDCDBA /* Products */,
				F5BBE2B1C427915DC168BBA8 /* Pods */,
				204C616D95067B0D27B84BF8 /* Frameworks */,
			);
			sourceTree = "<group>";
		};
		B260F1F2224DE99D00CDCDBA /* Products */ = {
			isa = PBXGroup;
			children = (
				B260F1F1224DE99D00CDCDBA /* CometChatPro-PushNotification-SampleApp.app */,
				DBB7C165229FC4E100FA04E5 /* PNServiceExtension.appex */,
			);
			name = Products;
			sourceTree = "<group>";
		};
		B260F1F3224DE99D00CDCDBA /* iOS-PushNotification */ = {
			isa = PBXGroup;
			children = (
				DBEB3C402346160C0006E8DD /* CometChatPro.framework */,
				DB013A0822EF2C07006E18E8 /* JitsiMeet.framework */,
				DB013A0922EF2C07006E18E8 /* WebRTC.framework */,
				B2A8EBCC224E239000E22217 /* iOS-PushNotification.entitlements */,
				DBBF8A3422E0BB4100248056 /* ring.wav */,
				B260F1F4224DE99D00CDCDBA /* AppDelegate.swift */,
				B260F20A224DF86800CDCDBA /* Constants.swift */,
				B260F1F6224DE99D00CDCDBA /* startupVC.swift */,
				B260F208224DF0F900CDCDBA /* PushNotificationVC.swift */,
				B23D268D2272EDFA00CC1CCB /* Toast.swift */,
				DBB7C17122A0011F00FA04E5 /* NavigationController.swift */,
				DB5AAC6922E04FB7007E7FC6 /* IncomingCall.swift */,
				B260F206224DE9C700CDCDBA /* GoogleService-Info.plist */,
				B260F1F8224DE99D00CDCDBA /* Main.storyboard */,
				B260F1FB224DE99F00CDCDBA /* Assets.xcassets */,
				B260F1FD224DE99F00CDCDBA /* LaunchScreen.storyboard */,
				B260F200224DE99F00CDCDBA /* Info.plist */,
			);
			path = "iOS-PushNotification";
			sourceTree = "<group>";
		};
		DBB7C166229FC4E100FA04E5 /* PNServiceExtension */ = {
			isa = PBXGroup;
			children = (
				DBCBF01E22A1237D00CFC537 /* PNServiceExtension.entitlements */,
				DBB7C167229FC4E100FA04E5 /* NotificationService.swift */,
				DBB7C169229FC4E100FA04E5 /* Info.plist */,
			);
			path = PNServiceExtension;
			sourceTree = "<group>";
		};
		F5BBE2B1C427915DC168BBA8 /* Pods */ = {
			isa = PBXGroup;
			children = (
				7B1F333E497C2CF185BD3783 /* Pods-CometChatPro-PushNotification-SampleApp.debug.xcconfig */,
				40B932BFDEA291FB8B3F4652 /* Pods-CometChatPro-PushNotification-SampleApp.release.xcconfig */,
				A165113E0B8927DF36D5648C /* Pods-PNServiceExtension.debug.xcconfig */,
				95E8EB857E212E7E10643B85 /* Pods-PNServiceExtension.release.xcconfig */,
			);
			path = Pods;
			sourceTree = "<group>";
		};
/* End PBXGroup section */

/* Begin PBXNativeTarget section */
		B260F1F0224DE99D00CDCDBA /* CometChatPro-PushNotification-SampleApp */ = {
			isa = PBXNativeTarget;
			buildConfigurationList = B260F203224DE99F00CDCDBA /* Build configuration list for PBXNativeTarget "CometChatPro-PushNotification-SampleApp" */;
			buildPhases = (
				8B9D591E4DE102F834D897D1 /* [CP] Check Pods Manifest.lock */,
				B260F1ED224DE99D00CDCDBA /* Sources */,
				B260F1EE224DE99D00CDCDBA /* Frameworks */,
				B260F1EF224DE99D00CDCDBA /* Resources */,
				B23D26842272005F00CC1CCB /* Embed Frameworks */,
				DBB7C170229FC4E100FA04E5 /* Embed App Extensions */,
			);
			buildRules = (
			);
			dependencies = (
				DBB7C16B229FC4E100FA04E5 /* PBXTargetDependency */,
			);
			name = "CometChatPro-PushNotification-SampleApp";
			productName = "iOS-PushNotification";
			productReference = B260F1F1224DE99D00CDCDBA /* CometChatPro-PushNotification-SampleApp.app */;
			productType = "com.apple.product-type.application";
		};
		DBB7C164229FC4E100FA04E5 /* PNServiceExtension */ = {
			isa = PBXNativeTarget;
			buildConfigurationList = DBB7C16F229FC4E100FA04E5 /* Build configuration list for PBXNativeTarget "PNServiceExtension" */;
			buildPhases = (
				E7895E18A108BEE0EB82A884 /* [CP] Check Pods Manifest.lock */,
				DBB7C161229FC4E100FA04E5 /* Sources */,
				DBB7C162229FC4E100FA04E5 /* Frameworks */,
				DBB7C163229FC4E100FA04E5 /* Resources */,
			);
			buildRules = (
			);
			dependencies = (
			);
			name = PNServiceExtension;
			productName = PNServiceExtension;
			productReference = DBB7C165229FC4E100FA04E5 /* PNServiceExtension.appex */;
			productType = "com.apple.product-type.app-extension";
		};
/* End PBXNativeTarget section */

/* Begin PBXProject section */
		B260F1E9224DE99D00CDCDBA /* Project object */ = {
			isa = PBXProject;
			attributes = {
				LastSwiftUpdateCheck = 1020;
				LastUpgradeCheck = 1010;
				ORGANIZATIONNAME = Admin1;
				TargetAttributes = {
					B260F1F0224DE99D00CDCDBA = {
						CreatedOnToolsVersion = 10.1;
						SystemCapabilities = {
							com.apple.ApplicationGroups.iOS = {
								enabled = 1;
							};
							com.apple.BackgroundModes = {
								enabled = 1;
							};
							com.apple.Push = {
								enabled = 1;
							};
							com.apple.Siri = {
								enabled = 0;
							};
						};
					};
					DBB7C164229FC4E100FA04E5 = {
						CreatedOnToolsVersion = 10.2.1;
						SystemCapabilities = {
							com.apple.ApplicationGroups.iOS = {
								enabled = 1;
							};
						};
					};
				};
			};
			buildConfigurationList = B260F1EC224DE99D00CDCDBA /* Build configuration list for PBXProject "CometChatPro-PushNotification-SampleApp" */;
			compatibilityVersion = "Xcode 9.3";
			developmentRegion = en;
			hasScannedForEncodings = 0;
			knownRegions = (
				en,
				Base,
			);
			mainGroup = B260F1E8224DE99D00CDCDBA;
			productRefGroup = B260F1F2224DE99D00CDCDBA /* Products */;
			projectDirPath = "";
			projectRoot = "";
			targets = (
				B260F1F0224DE99D00CDCDBA /* CometChatPro-PushNotification-SampleApp */,
				DBB7C164229FC4E100FA04E5 /* PNServiceExtension */,
			);
		};
/* End PBXProject section */

/* Begin PBXResourcesBuildPhase section */
		B260F1EF224DE99D00CDCDBA /* Resources */ = {
			isa = PBXResourcesBuildPhase;
			buildActionMask = 2147483647;
			files = (
				DBBF8A3522E0BB4100248056 /* ring.wav in Resources */,
				B260F1FF224DE99F00CDCDBA /* LaunchScreen.storyboard in Resources */,
				B260F207224DE9C700CDCDBA /* GoogleService-Info.plist in Resources */,
				B260F1FC224DE99F00CDCDBA /* Assets.xcassets in Resources */,
				B260F1FA224DE99D00CDCDBA /* Main.storyboard in Resources */,
			);
			runOnlyForDeploymentPostprocessing = 0;
		};
		DBB7C163229FC4E100FA04E5 /* Resources */ = {
			isa = PBXResourcesBuildPhase;
			buildActionMask = 2147483647;
			files = (
			);
			runOnlyForDeploymentPostprocessing = 0;
		};
/* End PBXResourcesBuildPhase section */

/* Begin PBXShellScriptBuildPhase section */
		8B9D591E4DE102F834D897D1 /* [CP] Check Pods Manifest.lock */ = {
			isa = PBXShellScriptBuildPhase;
			buildActionMask = 2147483647;
			files = (
			);
			inputFileListPaths = (
			);
			inputPaths = (
				"${PODS_PODFILE_DIR_PATH}/Podfile.lock",
				"${PODS_ROOT}/Manifest.lock",
			);
			name = "[CP] Check Pods Manifest.lock";
			outputFileListPaths = (
			);
			outputPaths = (
				"$(DERIVED_FILE_DIR)/Pods-CometChatPro-PushNotification-SampleApp-checkManifestLockResult.txt",
			);
			runOnlyForDeploymentPostprocessing = 0;
			shellPath = /bin/sh;
			shellScript = "diff \"${PODS_PODFILE_DIR_PATH}/Podfile.lock\" \"${PODS_ROOT}/Manifest.lock\" > /dev/null\nif [ $? != 0 ] ; then\n    # print error to STDERR\n    echo \"error: The sandbox is not in sync with the Podfile.lock. Run 'pod install' or update your CocoaPods installation.\" >&2\n    exit 1\nfi\n# This output is used by Xcode 'outputs' to avoid re-running this script phase.\necho \"SUCCESS\" > \"${SCRIPT_OUTPUT_FILE_0}\"\n";
			showEnvVarsInLog = 0;
		};
		E7895E18A108BEE0EB82A884 /* [CP] Check Pods Manifest.lock */ = {
			isa = PBXShellScriptBuildPhase;
			buildActionMask = 2147483647;
			files = (
			);
			inputFileListPaths = (
			);
			inputPaths = (
				"${PODS_PODFILE_DIR_PATH}/Podfile.lock",
				"${PODS_ROOT}/Manifest.lock",
			);
			name = "[CP] Check Pods Manifest.lock";
			outputFileListPaths = (
			);
			outputPaths = (
				"$(DERIVED_FILE_DIR)/Pods-PNServiceExtension-checkManifestLockResult.txt",
			);
			runOnlyForDeploymentPostprocessing = 0;
			shellPath = /bin/sh;
			shellScript = "diff \"${PODS_PODFILE_DIR_PATH}/Podfile.lock\" \"${PODS_ROOT}/Manifest.lock\" > /dev/null\nif [ $? != 0 ] ; then\n    # print error to STDERR\n    echo \"error: The sandbox is not in sync with the Podfile.lock. Run 'pod install' or update your CocoaPods installation.\" >&2\n    exit 1\nfi\n# This output is used by Xcode 'outputs' to avoid re-running this script phase.\necho \"SUCCESS\" > \"${SCRIPT_OUTPUT_FILE_0}\"\n";
			showEnvVarsInLog = 0;
		};
/* End PBXShellScriptBuildPhase section */

/* Begin PBXSourcesBuildPhase section */
		B260F1ED224DE99D00CDCDBA /* Sources */ = {
			isa = PBXSourcesBuildPhase;
			buildActionMask = 2147483647;
			files = (
				B260F1F7224DE99D00CDCDBA /* startupVC.swift in Sources */,
				DBB7C17222A0011F00FA04E5 /* NavigationController.swift in Sources */,
				DBB7C17322A00C9600FA04E5 /* NotificationService.swift in Sources */,
				B260F1F5224DE99D00CDCDBA /* AppDelegate.swift in Sources */,
				B23D268E2272EDFA00CC1CCB /* Toast.swift in Sources */,
				DB5AAC6A22E04FB7007E7FC6 /* IncomingCall.swift in Sources */,
				B260F209224DF0F900CDCDBA /* PushNotificationVC.swift in Sources */,
				B260F20B224DF86800CDCDBA /* Constants.swift in Sources */,
			);
			runOnlyForDeploymentPostprocessing = 0;
		};
		DBB7C161229FC4E100FA04E5 /* Sources */ = {
			isa = PBXSourcesBuildPhase;
			buildActionMask = 2147483647;
			files = (
				DBCBF01F22A130A600CFC537 /* CometChatPro-PushNotification-SampleApp.app in Sources */,
				DBB7C168229FC4E100FA04E5 /* NotificationService.swift in Sources */,
			);
			runOnlyForDeploymentPostprocessing = 0;
		};
/* End PBXSourcesBuildPhase section */

/* Begin PBXTargetDependency section */
		DBB7C16B229FC4E100FA04E5 /* PBXTargetDependency */ = {
			isa = PBXTargetDependency;
			target = DBB7C164229FC4E100FA04E5 /* PNServiceExtension */;
			targetProxy = DBB7C16A229FC4E100FA04E5 /* PBXContainerItemProxy */;
		};
/* End PBXTargetDependency section */

/* Begin PBXVariantGroup section */
		B260F1F8224DE99D00CDCDBA /* Main.storyboard */ = {
			isa = PBXVariantGroup;
			children = (
				B260F1F9224DE99D00CDCDBA /* Base */,
			);
			name = Main.storyboard;
			sourceTree = "<group>";
		};
		B260F1FD224DE99F00CDCDBA /* LaunchScreen.storyboard */ = {
			isa = PBXVariantGroup;
			children = (
				B260F1FE224DE99F00CDCDBA /* Base */,
			);
			name = LaunchScreen.storyboard;
			sourceTree = "<group>";
		};
/* End PBXVariantGroup section */

/* Begin XCBuildConfiguration section */
		B260F201224DE99F00CDCDBA /* Debug */ = {
			isa = XCBuildConfiguration;
			buildSettings = {
				ALWAYS_SEARCH_USER_PATHS = NO;
				CLANG_ANALYZER_NONNULL = YES;
				CLANG_ANALYZER_NUMBER_OBJECT_CONVERSION = YES_AGGRESSIVE;
				CLANG_CXX_LANGUAGE_STANDARD = "gnu++14";
				CLANG_CXX_LIBRARY = "libc++";
				CLANG_ENABLE_MODULES = YES;
				CLANG_ENABLE_OBJC_ARC = YES;
				CLANG_ENABLE_OBJC_WEAK = YES;
				CLANG_WARN_BLOCK_CAPTURE_AUTORELEASING = YES;
				CLANG_WARN_BOOL_CONVERSION = YES;
				CLANG_WARN_COMMA = YES;
				CLANG_WARN_CONSTANT_CONVERSION = YES;
				CLANG_WARN_DEPRECATED_OBJC_IMPLEMENTATIONS = YES;
				CLANG_WARN_DIRECT_OBJC_ISA_USAGE = YES_ERROR;
				CLANG_WARN_DOCUMENTATION_COMMENTS = YES;
				CLANG_WARN_EMPTY_BODY = YES;
				CLANG_WARN_ENUM_CONVERSION = YES;
				CLANG_WARN_INFINITE_RECURSION = YES;
				CLANG_WARN_INT_CONVERSION = YES;
				CLANG_WARN_NON_LITERAL_NULL_CONVERSION = YES;
				CLANG_WARN_OBJC_IMPLICIT_RETAIN_SELF = YES;
				CLANG_WARN_OBJC_LITERAL_CONVERSION = YES;
				CLANG_WARN_OBJC_ROOT_CLASS = YES_ERROR;
				CLANG_WARN_RANGE_LOOP_ANALYSIS = YES;
				CLANG_WARN_STRICT_PROTOTYPES = YES;
				CLANG_WARN_SUSPICIOUS_MOVE = YES;
				CLANG_WARN_UNGUARDED_AVAILABILITY = YES_AGGRESSIVE;
				CLANG_WARN_UNREACHABLE_CODE = YES;
				CLANG_WARN__DUPLICATE_METHOD_MATCH = YES;
				CODE_SIGN_IDENTITY = "iPhone Developer";
				COPY_PHASE_STRIP = NO;
				DEBUG_INFORMATION_FORMAT = dwarf;
				ENABLE_STRICT_OBJC_MSGSEND = YES;
				ENABLE_TESTABILITY = YES;
				GCC_C_LANGUAGE_STANDARD = gnu11;
				GCC_DYNAMIC_NO_PIC = NO;
				GCC_NO_COMMON_BLOCKS = YES;
				GCC_OPTIMIZATION_LEVEL = 0;
				GCC_PREPROCESSOR_DEFINITIONS = (
					"DEBUG=1",
					"$(inherited)",
				);
				GCC_WARN_64_TO_32_BIT_CONVERSION = YES;
				GCC_WARN_ABOUT_RETURN_TYPE = YES_ERROR;
				GCC_WARN_UNDECLARED_SELECTOR = YES;
				GCC_WARN_UNINITIALIZED_AUTOS = YES_AGGRESSIVE;
				GCC_WARN_UNUSED_FUNCTION = YES;
				GCC_WARN_UNUSED_VARIABLE = YES;
				IPHONEOS_DEPLOYMENT_TARGET = 12.1;
				MTL_ENABLE_DEBUG_INFO = INCLUDE_SOURCE;
				MTL_FAST_MATH = YES;
				ONLY_ACTIVE_ARCH = YES;
				SDKROOT = iphoneos;
				SWIFT_ACTIVE_COMPILATION_CONDITIONS = DEBUG;
				SWIFT_OPTIMIZATION_LEVEL = "-Onone";
			};
			name = Debug;
		};
		B260F202224DE99F00CDCDBA /* Release */ = {
			isa = XCBuildConfiguration;
			buildSettings = {
				ALWAYS_SEARCH_USER_PATHS = NO;
				CLANG_ANALYZER_NONNULL = YES;
				CLANG_ANALYZER_NUMBER_OBJECT_CONVERSION = YES_AGGRESSIVE;
				CLANG_CXX_LANGUAGE_STANDARD = "gnu++14";
				CLANG_CXX_LIBRARY = "libc++";
				CLANG_ENABLE_MODULES = YES;
				CLANG_ENABLE_OBJC_ARC = YES;
				CLANG_ENABLE_OBJC_WEAK = YES;
				CLANG_WARN_BLOCK_CAPTURE_AUTORELEASING = YES;
				CLANG_WARN_BOOL_CONVERSION = YES;
				CLANG_WARN_COMMA = YES;
				CLANG_WARN_CONSTANT_CONVERSION = YES;
				CLANG_WARN_DEPRECATED_OBJC_IMPLEMENTATIONS = YES;
				CLANG_WARN_DIRECT_OBJC_ISA_USAGE = YES_ERROR;
				CLANG_WARN_DOCUMENTATION_COMMENTS = YES;
				CLANG_WARN_EMPTY_BODY = YES;
				CLANG_WARN_ENUM_CONVERSION = YES;
				CLANG_WARN_INFINITE_RECURSION = YES;
				CLANG_WARN_INT_CONVERSION = YES;
				CLANG_WARN_NON_LITERAL_NULL_CONVERSION = YES;
				CLANG_WARN_OBJC_IMPLICIT_RETAIN_SELF = YES;
				CLANG_WARN_OBJC_LITERAL_CONVERSION = YES;
				CLANG_WARN_OBJC_ROOT_CLASS = YES_ERROR;
				CLANG_WARN_RANGE_LOOP_ANALYSIS = YES;
				CLANG_WARN_STRICT_PROTOTYPES = YES;
				CLANG_WARN_SUSPICIOUS_MOVE = YES;
				CLANG_WARN_UNGUARDED_AVAILABILITY = YES_AGGRESSIVE;
				CLANG_WARN_UNREACHABLE_CODE = YES;
				CLANG_WARN__DUPLICATE_METHOD_MATCH = YES;
				CODE_SIGN_IDENTITY = "iPhone Developer";
				COPY_PHASE_STRIP = NO;
				DEBUG_INFORMATION_FORMAT = "dwarf-with-dsym";
				ENABLE_NS_ASSERTIONS = NO;
				ENABLE_STRICT_OBJC_MSGSEND = YES;
				GCC_C_LANGUAGE_STANDARD = gnu11;
				GCC_NO_COMMON_BLOCKS = YES;
				GCC_WARN_64_TO_32_BIT_CONVERSION = YES;
				GCC_WARN_ABOUT_RETURN_TYPE = YES_ERROR;
				GCC_WARN_UNDECLARED_SELECTOR = YES;
				GCC_WARN_UNINITIALIZED_AUTOS = YES_AGGRESSIVE;
				GCC_WARN_UNUSED_FUNCTION = YES;
				GCC_WARN_UNUSED_VARIABLE = YES;
				IPHONEOS_DEPLOYMENT_TARGET = 12.1;
				MTL_ENABLE_DEBUG_INFO = NO;
				MTL_FAST_MATH = YES;
				SDKROOT = iphoneos;
				SWIFT_COMPILATION_MODE = wholemodule;
				SWIFT_OPTIMIZATION_LEVEL = "-O";
				VALIDATE_PRODUCT = YES;
			};
			name = Release;
		};
		B260F204224DE99F00CDCDBA /* Debug */ = {
			isa = XCBuildConfiguration;
			baseConfigurationReference = 7B1F333E497C2CF185BD3783 /* Pods-CometChatPro-PushNotification-SampleApp.debug.xcconfig */;
			buildSettings = {
				ALWAYS_EMBED_SWIFT_STANDARD_LIBRARIES = YES;
				ASSETCATALOG_COMPILER_APPICON_NAME = AppIcon;
				CODE_SIGN_ENTITLEMENTS = "iOS-PushNotification/iOS-PushNotification.entitlements";
				CODE_SIGN_STYLE = Automatic;
				DEVELOPMENT_TEAM = K456T8RD7Z;
				ENABLE_BITCODE = NO;
				FRAMEWORK_SEARCH_PATHS = (
					"$(inherited)",
					"$(PROJECT_DIR)/iOS-PushNotification",
				);
				HEADER_SEARCH_PATHS = (
					"$(inherited)",
					"\"${PODS_ROOT}/Headers/Public\"",
					"\"${PODS_ROOT}/Headers/Public/Firebase\"",
					"\"${PODS_ROOT}/Headers/Public/FirebaseAnalyticsInterop\"",
					"\"${PODS_ROOT}/Headers/Public/FirebaseCore\"",
					"\"${PODS_ROOT}/Headers/Public/FirebaseInstanceID\"",
					"\"${PODS_ROOT}/Headers/Public/FirebaseMessaging\"",
					"\"${PODS_ROOT}/Headers/Public/GoogleUtilities\"",
					"\"${PODS_ROOT}/Headers/Public/Protobuf\"",
					"\"${PODS_ROOT}/Headers/Public/nanopb\"",
					"$(inherited)",
					"${PODS_ROOT}/Firebase/CoreOnly/Sources",
					$SDKROOT/usr/include/libxml2,
				);
				INFOPLIST_FILE = "iOS-PushNotification/Info.plist";
				LD_RUNPATH_SEARCH_PATHS = (
					"$(inherited)",
					"@executable_path/Frameworks",
				);
				PRODUCT_BUNDLE_IDENTIFIER = com.inscripts.comatchat.dev2;
				PRODUCT_NAME = "$(TARGET_NAME)";
				SWIFT_VERSION = 4.2;
				TARGETED_DEVICE_FAMILY = "1,2";
			};
			name = Debug;
		};
		B260F205224DE99F00CDCDBA /* Release */ = {
			isa = XCBuildConfiguration;
			baseConfigurationReference = 40B932BFDEA291FB8B3F4652 /* Pods-CometChatPro-PushNotification-SampleApp.release.xcconfig */;
			buildSettings = {
				ALWAYS_EMBED_SWIFT_STANDARD_LIBRARIES = YES;
				ASSETCATALOG_COMPILER_APPICON_NAME = AppIcon;
				CODE_SIGN_ENTITLEMENTS = "iOS-PushNotification/iOS-PushNotification.entitlements";
				CODE_SIGN_STYLE = Automatic;
				DEVELOPMENT_TEAM = K456T8RD7Z;
				ENABLE_BITCODE = NO;
				FRAMEWORK_SEARCH_PATHS = (
					"$(inherited)",
					"$(PROJECT_DIR)/iOS-PushNotification",
				);
				HEADER_SEARCH_PATHS = (
					"$(inherited)",
					"\"${PODS_ROOT}/Headers/Public\"",
					"\"${PODS_ROOT}/Headers/Public/Firebase\"",
					"\"${PODS_ROOT}/Headers/Public/FirebaseAnalyticsInterop\"",
					"\"${PODS_ROOT}/Headers/Public/FirebaseCore\"",
					"\"${PODS_ROOT}/Headers/Public/FirebaseInstanceID\"",
					"\"${PODS_ROOT}/Headers/Public/FirebaseMessaging\"",
					"\"${PODS_ROOT}/Headers/Public/GoogleUtilities\"",
					"\"${PODS_ROOT}/Headers/Public/Protobuf\"",
					"\"${PODS_ROOT}/Headers/Public/nanopb\"",
					"$(inherited)",
					"${PODS_ROOT}/Firebase/CoreOnly/Sources",
					$SDKROOT/usr/include/libxml2,
				);
				INFOPLIST_FILE = "iOS-PushNotification/Info.plist";
				LD_RUNPATH_SEARCH_PATHS = (
					"$(inherited)",
					"@executable_path/Frameworks",
				);
				PRODUCT_BUNDLE_IDENTIFIER = com.inscripts.comatchat.dev2;
				PRODUCT_NAME = "$(TARGET_NAME)";
				SWIFT_VERSION = 4.2;
				TARGETED_DEVICE_FAMILY = "1,2";
			};
			name = Release;
		};
		DBB7C16D229FC4E100FA04E5 /* Debug */ = {
			isa = XCBuildConfiguration;
			baseConfigurationReference = A165113E0B8927DF36D5648C /* Pods-PNServiceExtension.debug.xcconfig */;
			buildSettings = {
				CODE_SIGN_ENTITLEMENTS = PNServiceExtension/PNServiceExtension.entitlements;
				CODE_SIGN_STYLE = Automatic;
				DEVELOPMENT_TEAM = K456T8RD7Z;
				ENABLE_BITCODE = NO;
				INFOPLIST_FILE = PNServiceExtension/Info.plist;
				IPHONEOS_DEPLOYMENT_TARGET = 12.2;
				LD_RUNPATH_SEARCH_PATHS = (
					"$(inherited)",
					"@executable_path/Frameworks",
					"@executable_path/../../Frameworks",
				);
				PRODUCT_BUNDLE_IDENTIFIER = com.inscripts.comatchat.dev2.PNServiceExtension;
				PRODUCT_NAME = "$(TARGET_NAME)";
				SKIP_INSTALL = YES;
				SWIFT_VERSION = 4.2;
				TARGETED_DEVICE_FAMILY = "1,2";
			};
			name = Debug;
		};
		DBB7C16E229FC4E100FA04E5 /* Release */ = {
			isa = XCBuildConfiguration;
			baseConfigurationReference = 95E8EB857E212E7E10643B85 /* Pods-PNServiceExtension.release.xcconfig */;
			buildSettings = {
				CODE_SIGN_ENTITLEMENTS = PNServiceExtension/PNServiceExtension.entitlements;
				CODE_SIGN_STYLE = Automatic;
				DEVELOPMENT_TEAM = K456T8RD7Z;
				ENABLE_BITCODE = NO;
				INFOPLIST_FILE = PNServiceExtension/Info.plist;
				IPHONEOS_DEPLOYMENT_TARGET = 12.2;
				LD_RUNPATH_SEARCH_PATHS = (
					"$(inherited)",
					"@executable_path/Frameworks",
					"@executable_path/../../Frameworks",
				);
				PRODUCT_BUNDLE_IDENTIFIER = com.inscripts.comatchat.dev2.PNServiceExtension;
				PRODUCT_NAME = "$(TARGET_NAME)";
				SKIP_INSTALL = YES;
				SWIFT_VERSION = 4.2;
				TARGETED_DEVICE_FAMILY = "1,2";
			};
			name = Release;
		};
/* End XCBuildConfiguration section */

/* Begin XCConfigurationList section */
		B260F1EC224DE99D00CDCDBA /* Build configuration list for PBXProject "CometChatPro-PushNotification-SampleApp" */ = {
			isa = XCConfigurationList;
			buildConfigurations = (
				B260F201224DE99F00CDCDBA /* Debug */,
				B260F202224DE99F00CDCDBA /* Release */,
			);
			defaultConfigurationIsVisible = 0;
			defaultConfigurationName = Release;
		};
		B260F203224DE99F00CDCDBA /* Build configuration list for PBXNativeTarget "CometChatPro-PushNotification-SampleApp" */ = {
			isa = XCConfigurationList;
			buildConfigurations = (
				B260F204224DE99F00CDCDBA /* Debug */,
				B260F205224DE99F00CDCDBA /* Release */,
			);
			defaultConfigurationIsVisible = 0;
			defaultConfigurationName = Release;
		};
		DBB7C16F229FC4E100FA04E5 /* Build configuration list for PBXNativeTarget "PNServiceExtension" */ = {
			isa = XCConfigurationList;
			buildConfigurations = (
				DBB7C16D229FC4E100FA04E5 /* Debug */,
				DBB7C16E229FC4E100FA04E5 /* Release */,
			);
			defaultConfigurationIsVisible = 0;
			defaultConfigurationName = Release;
		};
/* End XCConfigurationList section */
	};
	rootObject = B260F1E9224DE99D00CDCDBA /* Project object */;
}
