PODS:
  - CometChatCalls (2.0.0)
  - CometChatPro (2.2.1):
    - CometChatCalls (= 2.0.0)

DEPENDENCIES:
  - CometChatPro (= 2.2.1)

SPEC REPOS:
  trunk:
    - CometChatCalls
    - CometChatPro

SPEC CHECKSUMS:
  CometChatCalls: e6618915183a8b0a1080e653daa52484f0980a0d
  CometChatPro: 28b23ce79006155b286297f433ddd83f048828a5

PODFILE CHECKSUM: 45e4ded60e93213d4a08c560d271176bbfca2fe6

COCOAPODS: 1.10.1
